DEPENDENCIES
  webapp-linux
    path: .
    metadata: true

GRAPH
  apt (6.1.4)
  build-essential (8.1.1)
    mingw (>= 1.1)
    seven_zip (>= 0.0.0)
  chef-sugar (4.0.0)
  compat_resource (12.19.1)
  database (4.0.9)
    postgresql (>= 1.0.0)
  firewall (2.6.3)
    chef-sugar (>= 0.0.0)
  httpd (0.6.2)
  inifile_chef_gem (0.1.0)
    build-essential (>= 0.0.0)
  mariadb (1.5.3)
    apt (>= 0.0.0)
    build-essential (>= 0.0.0)
    selinux_policy (~> 2.0)
    yum (>= 0.0.0)
    yum-epel (>= 0.0.0)
    yum-scl (>= 0.0.0)
  mingw (2.0.2)
    seven_zip (>= 0.0.0)
  mysql (8.5.1)
  mysql2_chef_gem (2.1.0)
    build-essential (>= 2.4.0)
    mariadb (>= 0.0.0)
    mysql (>= 8.2.0)
  openssl (8.1.2)
  postgresql (6.1.1)
    build-essential (>= 2.0.0)
    compat_resource (>= 12.16.3)
    openssl (>= 4.0)
  selinux_policy (2.0.1)
    compat_resource (>= 12.16.3)
  seven_zip (2.0.2)
    windows (>= 1.2.2)
  webapp-linux (0.2.3)
    database (~> 4.0.9)
    firewall (~> 2.6.3)
    httpd (~> 0.6.2)
    mysql (~> 8.5.1)
    mysql2_chef_gem (~> 2.1.0)
    yum (~> 5.1.0)
  windows (4.0.1)
  yum (5.1.0)
  yum-epel (3.1.0)
  yum-scl (0.2.0)
    inifile_chef_gem (>= 0.0.0)
    yum (>= 0.0.0)
